
Microsoft Visual Studio Solution File, Format Version 12.00
# Visual Studio 14
VisualStudioVersion = 14.0.25420.1
MinimumVisualStudioVersion = 10.0.40219.1
Project("{FAE04EC0-301F-11D3-BF4B-00C04F79EFBC}") = "MyAPI", "MyAPI\MyAPI.csproj", "{4C246DFE-4271-4113-82D7-867A33187997}"
EndProject
Project("{FAE04EC0-301F-11D3-BF4B-00C04F79EFBC}") = "MyAPI.Tests", "MyAPI.Tests\MyAPI.Tests.csproj", "{F6E5B7A3-01F8-48A9-B109-090A767D7BDE}"
EndProject
Project("{FAE04EC0-301F-11D3-BF4B-00C04F79EFBC}") = "Api.Model", "Api.Model\Api.Model.csproj", "{0A720581-E06F-4D49-9430-0C691EEFFB27}"
EndProject
Project("{FAE04EC0-301F-11D3-BF4B-00C04F79EFBC}") = "Api.Service", "Api.Service\Api.Service.csproj", "{ADF956AB-C568-431C-BB0D-9BB63F15FF81}"
EndProject
Project("{FAE04EC0-301F-11D3-BF4B-00C04F79EFBC}") = "Api.Dao", "Api.Dao\Api.Dao.csproj", "{B6E0159F-A3F6-4AB0-B553-368D431C89BF}"
EndProject
Global
	GlobalSection(SolutionConfigurationPlatforms) = preSolution
		Debug|Any CPU = Debug|Any CPU
		Release|Any CPU = Release|Any CPU
	EndGlobalSection
	GlobalSection(ProjectConfigurationPlatforms) = postSolution
		{4C246DFE-4271-4113-82D7-867A33187997}.Debug|Any CPU.ActiveCfg = Debug|Any CPU
		{4C246DFE-4271-4113-82D7-867A33187997}.Debug|Any CPU.Build.0 = Debug|Any CPU
		{4C246DFE-4271-4113-82D7-867A33187997}.Release|Any CPU.ActiveCfg = Release|Any CPU
		{4C246DFE-4271-4113-82D7-867A33187997}.Release|Any CPU.Build.0 = Release|Any CPU
		{F6E5B7A3-01F8-48A9-B109-090A767D7BDE}.Debug|Any CPU.ActiveCfg = Debug|Any CPU
		{F6E5B7A3-01F8-48A9-B109-090A767D7BDE}.Debug|Any CPU.Build.0 = Debug|Any CPU
		{F6E5B7A3-01F8-48A9-B109-090A767D7BDE}.Release|Any CPU.ActiveCfg = Release|Any CPU
		{F6E5B7A3-01F8-48A9-B109-090A767D7BDE}.Release|Any CPU.Build.0 = Release|Any CPU
		{0A720581-E06F-4D49-9430-0C691EEFFB27}.Debug|Any CPU.ActiveCfg = Debug|Any CPU
		{0A720581-E06F-4D49-9430-0C691EEFFB27}.Debug|Any CPU.Build.0 = Debug|Any CPU
		{0A720581-E06F-4D49-9430-0C691EEFFB27}.Release|Any CPU.ActiveCfg = Release|Any CPU
		{0A720581-E06F-4D49-9430-0C691EEFFB27}.Release|Any CPU.Build.0 = Release|Any CPU
		{ADF956AB-C568-431C-BB0D-9BB63F15FF81}.Debug|Any CPU.ActiveCfg = Debug|Any CPU
		{ADF956AB-C568-431C-BB0D-9BB63F15FF81}.Debug|Any CPU.Build.0 = Debug|Any CPU
		{ADF956AB-C568-431C-BB0D-9BB63F15FF81}.Release|Any CPU.ActiveCfg = Release|Any CPU
		{ADF956AB-C568-431C-BB0D-9BB63F15FF81}.Release|Any CPU.Build.0 = Release|Any CPU
		{B6E0159F-A3F6-4AB0-B553-368D431C89BF}.Debug|Any CPU.ActiveCfg = Debug|Any CPU
		{B6E0159F-A3F6-4AB0-B553-368D431C89BF}.Debug|Any CPU.Build.0 = Debug|Any CPU
		{B6E0159F-A3F6-4AB0-B553-368D431C89BF}.Release|Any CPU.ActiveCfg = Release|Any CPU
		{B6E0159F-A3F6-4AB0-B553-368D431C89BF}.Release|Any CPU.Build.0 = Release|Any CPU
	EndGlobalSection
	GlobalSection(SolutionProperties) = preSolution
		HideSolutionNode = FALSE
	EndGlobalSection
EndGlobal
